Microsoft Visual Studio Solution File, Format Version 11.00
# Visual Studio 2008

Project("{E45C39C8-A7A7-C17A-1E8E-BEBBF3A2BA7F}") = "PlasticRunner", "Assembly-CSharp.csproj", "{FF71D227-8673-09D3-0B68-8D4E3D5994ED}"
EndProject
Project("{E45C39C8-A7A7-C17A-1E8E-BEBBF3A2BA7F}") = "PlasticRunner", "Assembly-UnityScript.unityproj", "{0E6B49C3-842E-B1DA-EA9F-B3457BCBAA41}"
EndProject
Global
	GlobalSection(SolutionConfigurationPlatforms) = preSolution
		Debug|Any CPU = Debug|Any CPU
		Release|Any CPU = Release|Any CPU
	EndGlobalSection
	GlobalSection(ProjectConfigurationPlatforms) = postSolution
		{FF71D227-8673-09D3-0B68-8D4E3D5994ED}.Debug|Any CPU.ActiveCfg = Debug|Any CPU
		{FF71D227-8673-09D3-0B68-8D4E3D5994ED}.Debug|Any CPU.Build.0 = Debug|Any CPU
		{FF71D227-8673-09D3-0B68-8D4E3D5994ED}.Release|Any CPU.ActiveCfg = Release|Any CPU
		{FF71D227-8673-09D3-0B68-8D4E3D5994ED}.Release|Any CPU.Build.0 = Release|Any CPU
		{0E6B49C3-842E-B1DA-EA9F-B3457BCBAA41}.Debug|Any CPU.ActiveCfg = Debug|Any CPU
		{0E6B49C3-842E-B1DA-EA9F-B3457BCBAA41}.Debug|Any CPU.Build.0 = Debug|Any CPU
		{0E6B49C3-842E-B1DA-EA9F-B3457BCBAA41}.Release|Any CPU.ActiveCfg = Release|Any CPU
		{0E6B49C3-842E-B1DA-EA9F-B3457BCBAA41}.Release|Any CPU.Build.0 = Release|Any CPU
	EndGlobalSection
	GlobalSection(SolutionProperties) = preSolution
		HideSolutionNode = FALSE
	EndGlobalSection
															GlobalSection(MonoDevelopProperties) = preSolution
		StartupItem = Assembly-CSharp.csproj
		Policies = $0
		$0.TextStylePolicy = $1
		$1.inheritsSet = null
		$1.scope = text/x-csharp
		$0.CSharpFormattingPolicy = $2
		$2.inheritsSet = Mono
		$2.inheritsScope = text/x-csharp
		$2.scope = text/x-csharp
		$0.TextStylePolicy = $3
		$3.FileWidth = 120
		$3.TabWidth = 4
		$3.EolMarker = Unix
		$3.inheritsSet = Mono
		$3.inheritsScope = text/plain
		$3.scope = text/plain
	EndGlobalSection

EndGlobal
